{
  "version": 4,
  "terraform_version": "1.9.0",
  "serial": 24,
  "lineage": "8676343b-9fcd-08aa-9ebc-6f97c407d6bd",
  "outputs": {
    "bastion_public_ip": {
      "value": "18.132.10.196",
      "type": "string"
    },
    "private_key_path": {
      "value": "./redis-demo-key.pem",
      "type": "string"
    },
    "redis_master_private_ip": {
      "value": "10.0.2.168",
      "type": "string"
    },
    "redis_replica_private_ip": {
      "value": "10.0.3.33",
      "type": "string"
    },
    "s3_bucket_name": {
      "value": "abhi-redis-ha-demo-bucket-change-me",
      "type": "string"
    },
    "vpc_id": {
      "value": "vpc-069f9002b7d23b5d8",
      "type": "string"
    }
  },
  "resources": [
    {
      "mode": "data",
      "type": "aws_ami",
      "name": "ubuntu",
      "provider": "provider[\"registry.terraform.io/hashicorp/aws\"]",
      "instances": [
        {
          "schema_version": 0,
          "attributes": {
            "architecture": "x86_64",
            "arn": "arn:aws:ec2:eu-west-2::image/ami-028af9a1eb20046ca",
            "block_device_mappings": [
              {
                "device_name": "/dev/sda1",
                "ebs": {
                  "delete_on_termination": "true",
                  "encrypted": "false",
                  "iops": "0",
                  "snapshot_id": "snap-0669f2967df077d43",
                  "throughput": "0",
                  "volume_initialization_rate": "0",
                  "volume_size": "8",
                  "volume_type": "gp2"
                },
                "no_device": "",
                "virtual_name": ""
              },
              {
                "device_name": "/dev/sdb",
                "ebs": {},
                "no_device": "",
                "virtual_name": "ephemeral0"
              },
              {
                "device_name": "/dev/sdc",
                "ebs": {},
                "no_device": "",
                "virtual_name": "ephemeral1"
              }
            ],
            "boot_mode": "uefi-preferred",
            "creation_date": "2025-11-11T07:03:43.000Z",
            "deprecation_time": "2027-11-11T07:03:43.000Z",
            "description": "Canonical, Ubuntu, 22.04, amd64 jammy image",
            "ena_support": true,
            "executable_users": null,
            "filter": [
              {
                "name": "name",
                "values": [
                  "ubuntu/images/hvm-ssd/ubuntu-jammy-22.04-amd64-server-*"
                ]
              },
              {
                "name": "virtualization-type",
                "values": [
                  "hvm"
                ]
              }
            ],
            "hypervisor": "xen",
            "id": "ami-028af9a1eb20046ca",
            "image_id": "ami-028af9a1eb20046ca",
            "image_location": "amazon/ubuntu/images/hvm-ssd/ubuntu-jammy-22.04-amd64-server-20251111",
            "image_owner_alias": "amazon",
            "image_type": "machine",
            "imds_support": "",
            "include_deprecated": false,
            "kernel_id": "",
            "last_launched_time": "",
            "most_recent": true,
            "name": "ubuntu/images/hvm-ssd/ubuntu-jammy-22.04-amd64-server-20251111",
            "name_regex": null,
            "owner_id": "099720109477",
            "owners": [
              "099720109477"
            ],
            "platform": "",
            "platform_details": "Linux/UNIX",
            "product_codes": [],
            "public": true,
            "ramdisk_id": "",
            "root_device_name": "/dev/sda1",
            "root_device_type": "ebs",
            "root_snapshot_id": "snap-0669f2967df077d43",
            "sriov_net_support": "simple",
            "state": "available",
            "state_reason": {
              "code": "UNSET",
              "message": "UNSET"
            },
            "tags": {},
            "timeouts": null,
            "tpm_support": "",
            "uefi_data": null,
            "usage_operation": "RunInstances",
            "virtualization_type": "hvm"
          },
          "sensitive_attributes": []
        }
      ]
    },
    {
      "mode": "managed",
      "type": "aws_eip",
      "name": "nat",
      "provider": "provider[\"registry.terraform.io/hashicorp/aws\"]",
      "instances": [
        {
          "schema_version": 0,
          "attributes": {
            "address": null,
            "allocation_id": "eipalloc-0e0c819a8f8ecea83",
            "arn": "arn:aws:ec2:eu-west-2:462622527060:elastic-ip/eipalloc-0e0c819a8f8ecea83",
            "associate_with_private_ip": null,
            "association_id": "eipassoc-047618f89a3f2f54a",
            "carrier_ip": "",
            "customer_owned_ip": "",
            "customer_owned_ipv4_pool": "",
            "domain": "vpc",
            "id": "eipalloc-0e0c819a8f8ecea83",
            "instance": "",
            "ipam_pool_id": null,
            "network_border_group": "eu-west-2",
            "network_interface": "eni-0d5c94aa6349f903a",
            "private_dns": "ip-10-0-1-48.eu-west-2.compute.internal",
            "private_ip": "10.0.1.48",
            "ptr_record": "",
            "public_dns": "ec2-13-134-200-253.eu-west-2.compute.amazonaws.com",
            "public_ip": "13.134.200.253",
            "public_ipv4_pool": "amazon",
            "tags": {
              "Name": "redis-nat-eip",
              "Owner": "abhinav",
              "Project": "redis-ha-demo"
            },
            "tags_all": {
              "Name": "redis-nat-eip",
              "Owner": "abhinav",
              "Project": "redis-ha-demo"
            },
            "timeouts": null,
            "vpc": true
          },
          "sensitive_attributes": [],
          "private": "eyJlMmJmYjczMC1lY2FhLTExZTYtOGY4OC0zNDM2M2JjN2M0YzAiOnsiZGVsZXRlIjoxODAwMDAwMDAwMDAsInJlYWQiOjkwMDAwMDAwMDAwMCwidXBkYXRlIjozMDAwMDAwMDAwMDB9fQ=="
        }
      ]
    },
    {
      "mode": "managed",
      "type": "aws_instance",
      "name": "bastion",
      "provider": "provider[\"registry.terraform.io/hashicorp/aws\"]",
      "instances": [
        {
          "schema_version": 1,
          "attributes": {
            "ami": "ami-028af9a1eb20046ca",
            "arn": "arn:aws:ec2:eu-west-2:462622527060:instance/i-09f86259dcd50e1ba",
            "associate_public_ip_address": true,
            "availability_zone": "eu-west-2a",
            "capacity_reservation_specification": [
              {
                "capacity_reservation_preference": "open",
                "capacity_reservation_target": []
              }
            ],
            "cpu_core_count": 1,
            "cpu_options": [
              {
                "amd_sev_snp": "",
                "core_count": 1,
                "threads_per_core": 2
              }
            ],
            "cpu_threads_per_core": 2,
            "credit_specification": [
              {
                "cpu_credits": "unlimited"
              }
            ],
            "disable_api_stop": false,
            "disable_api_termination": false,
            "ebs_block_device": [],
            "ebs_optimized": false,
            "enable_primary_ipv6": null,
            "enclave_options": [
              {
                "enabled": false
              }
            ],
            "ephemeral_block_device": [],
            "get_password_data": false,
            "hibernation": false,
            "host_id": "",
            "host_resource_group_arn": null,
            "iam_instance_profile": "",
            "id": "i-09f86259dcd50e1ba",
            "instance_initiated_shutdown_behavior": "stop",
            "instance_lifecycle": "",
            "instance_market_options": [],
            "instance_state": "running",
            "instance_type": "t3.micro",
            "ipv6_address_count": 0,
            "ipv6_addresses": [],
            "key_name": "redis-demo-key",
            "launch_template": [],
            "maintenance_options": [
              {
                "auto_recovery": "default"
              }
            ],
            "metadata_options": [
              {
                "http_endpoint": "enabled",
                "http_protocol_ipv6": "disabled",
                "http_put_response_hop_limit": 1,
                "http_tokens": "optional",
                "instance_metadata_tags": "disabled"
              }
            ],
            "monitoring": false,
            "network_interface": [],
            "outpost_arn": "",
            "password_data": "",
            "placement_group": "",
            "placement_partition_number": 0,
            "primary_network_interface_id": "eni-0b3ffc1cbb1e1d5dd",
            "private_dns": "ip-10-0-1-130.eu-west-2.compute.internal",
            "private_dns_name_options": [
              {
                "enable_resource_name_dns_a_record": false,
                "enable_resource_name_dns_aaaa_record": false,
                "hostname_type": "ip-name"
              }
            ],
            "private_ip": "10.0.1.130",
            "public_dns": "ec2-18-132-10-196.eu-west-2.compute.amazonaws.com",
            "public_ip": "18.132.10.196",
            "root_block_device": [
              {
                "delete_on_termination": true,
                "device_name": "/dev/sda1",
                "encrypted": false,
                "iops": 100,
                "kms_key_id": "",
                "tags": {},
                "tags_all": {},
                "throughput": 0,
                "volume_id": "vol-0a136036ccfb5a933",
                "volume_size": 8,
                "volume_type": "gp2"
              }
            ],
            "secondary_private_ips": [],
            "security_groups": [],
            "source_dest_check": true,
            "spot_instance_request_id": "",
            "subnet_id": "subnet-05d3980665b2ff5c3",
            "tags": {
              "Name": "bastion-host",
              "Owner": "abhinav",
              "Project": "redis-ha-demo",
              "Role": "bastion"
            },
            "tags_all": {
              "Name": "bastion-host",
              "Owner": "abhinav",
              "Project": "redis-ha-demo",
              "Role": "bastion"
            },
            "tenancy": "default",
            "timeouts": null,
            "user_data": null,
            "user_data_base64": null,
            "user_data_replace_on_change": false,
            "volume_tags": null,
            "vpc_security_group_ids": [
              "sg-01ca4bf164bbf8045"
            ]
          },
          "sensitive_attributes": [],
          "private": "eyJlMmJmYjczMC1lY2FhLTExZTYtOGY4OC0zNDM2M2JjN2M0YzAiOnsiY3JlYXRlIjo2MDAwMDAwMDAwMDAsImRlbGV0ZSI6MTIwMDAwMDAwMDAwMCwicmVhZCI6OTAwMDAwMDAwMDAwLCJ1cGRhdGUiOjYwMDAwMDAwMDAwMH0sInNjaGVtYV92ZXJzaW9uIjoiMSJ9",
          "dependencies": [
            "aws_key_pair.redis_key",
            "aws_security_group.bastion_sg",
            "aws_subnet.bastion",
            "aws_vpc.redis_vpc",
            "data.aws_ami.ubuntu",
            "tls_private_key.redis_key"
          ]
        }
      ]
    },
    {
      "mode": "managed",
      "type": "aws_instance",
      "name": "redis_master",
      "provider": "provider[\"registry.terraform.io/hashicorp/aws\"]",
      "instances": [
        {
          "schema_version": 1,
          "attributes": {
            "ami": "ami-028af9a1eb20046ca",
            "arn": "arn:aws:ec2:eu-west-2:462622527060:instance/i-07d290bdc9c6265e6",
            "associate_public_ip_address": false,
            "availability_zone": "eu-west-2a",
            "capacity_reservation_specification": [
              {
                "capacity_reservation_preference": "open",
                "capacity_reservation_target": []
              }
            ],
            "cpu_core_count": 1,
            "cpu_options": [
              {
                "amd_sev_snp": "",
                "core_count": 1,
                "threads_per_core": 2
              }
            ],
            "cpu_threads_per_core": 2,
            "credit_specification": [
              {
                "cpu_credits": "unlimited"
              }
            ],
            "disable_api_stop": false,
            "disable_api_termination": false,
            "ebs_block_device": [],
            "ebs_optimized": false,
            "enable_primary_ipv6": null,
            "enclave_options": [
              {
                "enabled": false
              }
            ],
            "ephemeral_block_device": [],
            "get_password_data": false,
            "hibernation": false,
            "host_id": "",
            "host_resource_group_arn": null,
            "iam_instance_profile": "",
            "id": "i-07d290bdc9c6265e6",
            "instance_initiated_shutdown_behavior": "stop",
            "instance_lifecycle": "",
            "instance_market_options": [],
            "instance_state": "running",
            "instance_type": "t3.micro",
            "ipv6_address_count": 0,
            "ipv6_addresses": [],
            "key_name": "redis-demo-key",
            "launch_template": [],
            "maintenance_options": [
              {
                "auto_recovery": "default"
              }
            ],
            "metadata_options": [
              {
                "http_endpoint": "enabled",
                "http_protocol_ipv6": "disabled",
                "http_put_response_hop_limit": 1,
                "http_tokens": "optional",
                "instance_metadata_tags": "disabled"
              }
            ],
            "monitoring": false,
            "network_interface": [],
            "outpost_arn": "",
            "password_data": "",
            "placement_group": "",
            "placement_partition_number": 0,
            "primary_network_interface_id": "eni-03f42fe21d6827aef",
            "private_dns": "ip-10-0-2-168.eu-west-2.compute.internal",
            "private_dns_name_options": [
              {
                "enable_resource_name_dns_a_record": false,
                "enable_resource_name_dns_aaaa_record": false,
                "hostname_type": "ip-name"
              }
            ],
            "private_ip": "10.0.2.168",
            "public_dns": "",
            "public_ip": "",
            "root_block_device": [
              {
                "delete_on_termination": true,
                "device_name": "/dev/sda1",
                "encrypted": false,
                "iops": 100,
                "kms_key_id": "",
                "tags": {},
                "tags_all": {},
                "throughput": 0,
                "volume_id": "vol-04e9db0c80bfb16e4",
                "volume_size": 8,
                "volume_type": "gp2"
              }
            ],
            "secondary_private_ips": [],
            "security_groups": [],
            "source_dest_check": true,
            "spot_instance_request_id": "",
            "subnet_id": "subnet-09132311ac3961e12",
            "tags": {
              "Name": "master-redis",
              "Owner": "abhinav",
              "Project": "redis-ha-demo",
              "Role": "redis-master"
            },
            "tags_all": {
              "Name": "master-redis",
              "Owner": "abhinav",
              "Project": "redis-ha-demo",
              "Role": "redis-master"
            },
            "tenancy": "default",
            "timeouts": null,
            "user_data": null,
            "user_data_base64": null,
            "user_data_replace_on_change": false,
            "volume_tags": null,
            "vpc_security_group_ids": [
              "sg-098d5eb5a706fb5c0"
            ]
          },
          "sensitive_attributes": [],
          "private": "eyJlMmJmYjczMC1lY2FhLTExZTYtOGY4OC0zNDM2M2JjN2M0YzAiOnsiY3JlYXRlIjo2MDAwMDAwMDAwMDAsImRlbGV0ZSI6MTIwMDAwMDAwMDAwMCwicmVhZCI6OTAwMDAwMDAwMDAwLCJ1cGRhdGUiOjYwMDAwMDAwMDAwMH0sInNjaGVtYV92ZXJzaW9uIjoiMSJ9",
          "dependencies": [
            "aws_key_pair.redis_key",
            "aws_security_group.bastion_sg",
            "aws_security_group.redis_sg",
            "aws_subnet.redis_master",
            "aws_vpc.redis_vpc",
            "data.aws_ami.ubuntu",
            "tls_private_key.redis_key"
          ]
        }
      ]
    },
    {
      "mode": "managed",
      "type": "aws_instance",
      "name": "redis_replica",
      "provider": "provider[\"registry.terraform.io/hashicorp/aws\"]",
      "instances": [
        {
          "schema_version": 1,
          "attributes": {
            "ami": "ami-028af9a1eb20046ca",
            "arn": "arn:aws:ec2:eu-west-2:462622527060:instance/i-0d8411c635c04ef99",
            "associate_public_ip_address": false,
            "availability_zone": "eu-west-2a",
            "capacity_reservation_specification": [
              {
                "capacity_reservation_preference": "open",
                "capacity_reservation_target": []
              }
            ],
            "cpu_core_count": 1,
            "cpu_options": [
              {
                "amd_sev_snp": "",
                "core_count": 1,
                "threads_per_core": 2
              }
            ],
            "cpu_threads_per_core": 2,
            "credit_specification": [
              {
                "cpu_credits": "unlimited"
              }
            ],
            "disable_api_stop": false,
            "disable_api_termination": false,
            "ebs_block_device": [],
            "ebs_optimized": false,
            "enable_primary_ipv6": null,
            "enclave_options": [
              {
                "enabled": false
              }
            ],
            "ephemeral_block_device": [],
            "get_password_data": false,
            "hibernation": false,
            "host_id": "",
            "host_resource_group_arn": null,
            "iam_instance_profile": "",
            "id": "i-0d8411c635c04ef99",
            "instance_initiated_shutdown_behavior": "stop",
            "instance_lifecycle": "",
            "instance_market_options": [],
            "instance_state": "running",
            "instance_type": "t3.micro",
            "ipv6_address_count": 0,
            "ipv6_addresses": [],
            "key_name": "redis-demo-key",
            "launch_template": [],
            "maintenance_options": [
              {
                "auto_recovery": "default"
              }
            ],
            "metadata_options": [
              {
                "http_endpoint": "enabled",
                "http_protocol_ipv6": "disabled",
                "http_put_response_hop_limit": 1,
                "http_tokens": "optional",
                "instance_metadata_tags": "disabled"
              }
            ],
            "monitoring": false,
            "network_interface": [],
            "outpost_arn": "",
            "password_data": "",
            "placement_group": "",
            "placement_partition_number": 0,
            "primary_network_interface_id": "eni-01076a13763c0816c",
            "private_dns": "ip-10-0-3-33.eu-west-2.compute.internal",
            "private_dns_name_options": [
              {
                "enable_resource_name_dns_a_record": false,
                "enable_resource_name_dns_aaaa_record": false,
                "hostname_type": "ip-name"
              }
            ],
            "private_ip": "10.0.3.33",
            "public_dns": "",
            "public_ip": "",
            "root_block_device": [
              {
                "delete_on_termination": true,
                "device_name": "/dev/sda1",
                "encrypted": false,
                "iops": 100,
                "kms_key_id": "",
                "tags": {},
                "tags_all": {},
                "throughput": 0,
                "volume_id": "vol-0fcea42d25d917aac",
                "volume_size": 8,
                "volume_type": "gp2"
              }
            ],
            "secondary_private_ips": [],
            "security_groups": [],
            "source_dest_check": true,
            "spot_instance_request_id": "",
            "subnet_id": "subnet-099c3be40c17ec9ba",
            "tags": {
              "Name": "replica-redis",
              "Owner": "abhinav",
              "Project": "redis-ha-demo",
              "Role": "redis-replica"
            },
            "tags_all": {
              "Name": "replica-redis",
              "Owner": "abhinav",
              "Project": "redis-ha-demo",
              "Role": "redis-replica"
            },
            "tenancy": "default",
            "timeouts": null,
            "user_data": null,
            "user_data_base64": null,
            "user_data_replace_on_change": false,
            "volume_tags": null,
            "vpc_security_group_ids": [
              "sg-098d5eb5a706fb5c0"
            ]
          },
          "sensitive_attributes": [],
          "private": "eyJlMmJmYjczMC1lY2FhLTExZTYtOGY4OC0zNDM2M2JjN2M0YzAiOnsiY3JlYXRlIjo2MDAwMDAwMDAwMDAsImRlbGV0ZSI6MTIwMDAwMDAwMDAwMCwicmVhZCI6OTAwMDAwMDAwMDAwLCJ1cGRhdGUiOjYwMDAwMDAwMDAwMH0sInNjaGVtYV92ZXJzaW9uIjoiMSJ9",
          "dependencies": [
            "aws_key_pair.redis_key",
            "aws_security_group.bastion_sg",
            "aws_security_group.redis_sg",
            "aws_subnet.redis_replica",
            "aws_vpc.redis_vpc",
            "data.aws_ami.ubuntu",
            "tls_private_key.redis_key"
          ]
        }
      ]
    },
    {
      "mode": "managed",
      "type": "aws_internet_gateway",
      "name": "igw",
      "provider": "provider[\"registry.terraform.io/hashicorp/aws\"]",
      "instances": [
        {
          "schema_version": 0,
          "attributes": {
            "arn": "arn:aws:ec2:eu-west-2:462622527060:internet-gateway/igw-074c83aae7a0e632f",
            "id": "igw-074c83aae7a0e632f",
            "owner_id": "462622527060",
            "tags": {
              "Name": "redis-igw",
              "Owner": "abhinav",
              "Project": "redis-ha-demo"
            },
            "tags_all": {
              "Name": "redis-igw",
              "Owner": "abhinav",
              "Project": "redis-ha-demo"
            },
            "timeouts": null,
            "vpc_id": "vpc-069f9002b7d23b5d8"
          },
          "sensitive_attributes": [],
          "private": "eyJlMmJmYjczMC1lY2FhLTExZTYtOGY4OC0zNDM2M2JjN2M0YzAiOnsiY3JlYXRlIjoxMjAwMDAwMDAwMDAwLCJkZWxldGUiOjEyMDAwMDAwMDAwMDAsInVwZGF0ZSI6MTIwMDAwMDAwMDAwMH19",
          "dependencies": [
            "aws_vpc.redis_vpc"
          ]
        }
      ]
    },
    {
      "mode": "managed",
      "type": "aws_key_pair",
      "name": "redis_key",
      "provider": "provider[\"registry.terraform.io/hashicorp/aws\"]",
      "instances": [
        {
          "schema_version": 1,
          "attributes": {
            "arn": "arn:aws:ec2:eu-west-2:462622527060:key-pair/redis-demo-key",
            "fingerprint": "74:ef:1a:60:4c:3f:a4:d8:bd:f3:fd:85:de:41:d1:36",
            "id": "redis-demo-key",
            "key_name": "redis-demo-key",
            "key_name_prefix": "",
            "key_pair_id": "key-0c32d87cfbdf345a0",
            "key_type": "rsa",
            "public_key": "ssh-rsa AAAAB3NzaC1yc2EAAAADAQABAAACAQDtl/bBAzIRnRd3+/YU3KdWG2GGNsJtVMH3b2AkDektzIwqdNjrIRIy6aPEw/tfmYto7h/HiDa/JgqYUkie0/K/gC+1WYrn2J6OPgEKtvAk05phfcy19oaSlpe6QaLkyDLOEoeArVmwIco1wjc7Ecfryl7oViyeqSE76BqSxP3c5gX7n8sgAbzkPmu4VTwiJYPMLfzvTVtojshVcqRdOzAldzA5QHVFVnnTT/JiL0YjG0zztSqIoXR/Vzaw4ddCNNCeCmiFpA/TLjvfIbxug7OVtFgFPVTx3DuIijrwwT6Z0J+t/4GCEYuHbON/l0xp/SOEyZEYA8yCtpTEZBZQtwKpdxxd+NYZo7DpW/rZujT2ZPBWrZt8DC3ENXfkJ2d1IFjuNxMcHaeZtLSk98BG5nYP+i2J4xcIpd6cUMGGlxIiYhEnKB3GFzKp1OOcp732iyEfNFuDnI2fcn/Nu2qIvDysZHCVSPhoTyA1C6k93RUjv7ucszsucGF4fUdvvoNvsw0OIOfnVQHb2g7p5PV4HLmuwMqE5xPYcEhGpKx11eZ77W05VSRV2CXcLO+fqsY0xNHoQVNTlRgML4gcRT8sj1CGf3+YuFYQ3fofHNzECry7ImzMTzH/rhMAn08406/ccxSiZptzIyKSIy4IC7eaIVqylB/FPupGi2jEVGSKgRN8mQ==",
            "tags": {
              "Name": "redis-demo-key",
              "Owner": "abhinav",
              "Project": "redis-ha-demo"
            },
            "tags_all": {
              "Name": "redis-demo-key",
              "Owner": "abhinav",
              "Project": "redis-ha-demo"
            }
          },
          "sensitive_attributes": [],
          "private": "eyJzY2hlbWFfdmVyc2lvbiI6IjEifQ==",
          "dependencies": [
            "tls_private_key.redis_key"
          ]
        }
      ]
    },
    {
      "mode": "managed",
      "type": "aws_nat_gateway",
      "name": "nat",
      "provider": "provider[\"registry.terraform.io/hashicorp/aws\"]",
      "instances": [
        {
          "schema_version": 0,
          "attributes": {
            "allocation_id": "eipalloc-0e0c819a8f8ecea83",
            "association_id": "eipassoc-047618f89a3f2f54a",
            "connectivity_type": "public",
            "id": "nat-07b7675b0fc23c88f",
            "network_interface_id": "eni-0d5c94aa6349f903a",
            "private_ip": "10.0.1.48",
            "public_ip": "13.134.200.253",
            "secondary_allocation_ids": [],
            "secondary_private_ip_address_count": 0,
            "secondary_private_ip_addresses": [],
            "subnet_id": "subnet-05d3980665b2ff5c3",
            "tags": {
              "Name": "redis-nat-gw",
              "Owner": "abhinav",
              "Project": "redis-ha-demo"
            },
            "tags_all": {
              "Name": "redis-nat-gw",
              "Owner": "abhinav",
              "Project": "redis-ha-demo"
            },
            "timeouts": null
          },
          "sensitive_attributes": [],
          "private": "eyJlMmJmYjczMC1lY2FhLTExZTYtOGY4OC0zNDM2M2JjN2M0YzAiOnsiY3JlYXRlIjo2MDAwMDAwMDAwMDAsImRlbGV0ZSI6MTgwMDAwMDAwMDAwMCwidXBkYXRlIjo2MDAwMDAwMDAwMDB9fQ==",
          "dependencies": [
            "aws_eip.nat",
            "aws_internet_gateway.igw",
            "aws_subnet.bastion",
            "aws_vpc.redis_vpc"
          ]
        }
      ]
    },
    {
      "mode": "managed",
      "type": "aws_route_table",
      "name": "private",
      "provider": "provider[\"registry.terraform.io/hashicorp/aws\"]",
      "instances": [
        {
          "schema_version": 0,
          "attributes": {
            "arn": "arn:aws:ec2:eu-west-2:462622527060:route-table/rtb-00fad6dd77a83254d",
            "id": "rtb-00fad6dd77a83254d",
            "owner_id": "462622527060",
            "propagating_vgws": [],
            "route": [
              {
                "carrier_gateway_id": "",
                "cidr_block": "0.0.0.0/0",
                "core_network_arn": "",
                "destination_prefix_list_id": "",
                "egress_only_gateway_id": "",
                "gateway_id": "",
                "ipv6_cidr_block": "",
                "local_gateway_id": "",
                "nat_gateway_id": "nat-07b7675b0fc23c88f",
                "network_interface_id": "",
                "transit_gateway_id": "",
                "vpc_endpoint_id": "",
                "vpc_peering_connection_id": ""
              }
            ],
            "tags": {
              "Name": "redis-private-rt",
              "Owner": "abhinav",
              "Project": "redis-ha-demo"
            },
            "tags_all": {
              "Name": "redis-private-rt",
              "Owner": "abhinav",
              "Project": "redis-ha-demo"
            },
            "timeouts": null,
            "vpc_id": "vpc-069f9002b7d23b5d8"
          },
          "sensitive_attributes": [],
          "private": "eyJlMmJmYjczMC1lY2FhLTExZTYtOGY4OC0zNDM2M2JjN2M0YzAiOnsiY3JlYXRlIjozMDAwMDAwMDAwMDAsImRlbGV0ZSI6MzAwMDAwMDAwMDAwLCJ1cGRhdGUiOjEyMDAwMDAwMDAwMH19",
          "dependencies": [
            "aws_eip.nat",
            "aws_internet_gateway.igw",
            "aws_nat_gateway.nat",
            "aws_subnet.bastion",
            "aws_vpc.redis_vpc"
          ]
        }
      ]
    },
    {
      "mode": "managed",
      "type": "aws_route_table",
      "name": "public",
      "provider": "provider[\"registry.terraform.io/hashicorp/aws\"]",
      "instances": [
        {
          "schema_version": 0,
          "attributes": {
            "arn": "arn:aws:ec2:eu-west-2:462622527060:route-table/rtb-008c093b1b859c74a",
            "id": "rtb-008c093b1b859c74a",
            "owner_id": "462622527060",
            "propagating_vgws": [],
            "route": [
              {
                "carrier_gateway_id": "",
                "cidr_block": "0.0.0.0/0",
                "core_network_arn": "",
                "destination_prefix_list_id": "",
                "egress_only_gateway_id": "",
                "gateway_id": "igw-074c83aae7a0e632f",
                "ipv6_cidr_block": "",
                "local_gateway_id": "",
                "nat_gateway_id": "",
                "network_interface_id": "",
                "transit_gateway_id": "",
                "vpc_endpoint_id": "",
                "vpc_peering_connection_id": ""
              }
            ],
            "tags": {
              "Name": "redis-public-rt",
              "Owner": "abhinav",
              "Project": "redis-ha-demo"
            },
            "tags_all": {
              "Name": "redis-public-rt",
              "Owner": "abhinav",
              "Project": "redis-ha-demo"
            },
            "timeouts": null,
            "vpc_id": "vpc-069f9002b7d23b5d8"
          },
          "sensitive_attributes": [],
          "private": "eyJlMmJmYjczMC1lY2FhLTExZTYtOGY4OC0zNDM2M2JjN2M0YzAiOnsiY3JlYXRlIjozMDAwMDAwMDAwMDAsImRlbGV0ZSI6MzAwMDAwMDAwMDAwLCJ1cGRhdGUiOjEyMDAwMDAwMDAwMH19",
          "dependencies": [
            "aws_internet_gateway.igw",
            "aws_vpc.redis_vpc"
          ]
        }
      ]
    },
    {
      "mode": "managed",
      "type": "aws_route_table_association",
      "name": "private_master",
      "provider": "provider[\"registry.terraform.io/hashicorp/aws\"]",
      "instances": [
        {
          "schema_version": 0,
          "attributes": {
            "gateway_id": "",
            "id": "rtbassoc-0d050ebe1f0fd2928",
            "route_table_id": "rtb-00fad6dd77a83254d",
            "subnet_id": "subnet-09132311ac3961e12",
            "timeouts": null
          },
          "sensitive_attributes": [],
          "private": "eyJlMmJmYjczMC1lY2FhLTExZTYtOGY4OC0zNDM2M2JjN2M0YzAiOnsiY3JlYXRlIjozMDAwMDAwMDAwMDAsImRlbGV0ZSI6MzAwMDAwMDAwMDAwLCJ1cGRhdGUiOjEyMDAwMDAwMDAwMH19",
          "dependencies": [
            "aws_eip.nat",
            "aws_internet_gateway.igw",
            "aws_nat_gateway.nat",
            "aws_route_table.private",
            "aws_subnet.bastion",
            "aws_subnet.redis_master",
            "aws_vpc.redis_vpc"
          ]
        }
      ]
    },
    {
      "mode": "managed",
      "type": "aws_route_table_association",
      "name": "private_replica",
      "provider": "provider[\"registry.terraform.io/hashicorp/aws\"]",
      "instances": [
        {
          "schema_version": 0,
          "attributes": {
            "gateway_id": "",
            "id": "rtbassoc-00b6eaac97ef7d6c1",
            "route_table_id": "rtb-00fad6dd77a83254d",
            "subnet_id": "subnet-099c3be40c17ec9ba",
            "timeouts": null
          },
          "sensitive_attributes": [],
          "private": "eyJlMmJmYjczMC1lY2FhLTExZTYtOGY4OC0zNDM2M2JjN2M0YzAiOnsiY3JlYXRlIjozMDAwMDAwMDAwMDAsImRlbGV0ZSI6MzAwMDAwMDAwMDAwLCJ1cGRhdGUiOjEyMDAwMDAwMDAwMH19",
          "dependencies": [
            "aws_eip.nat",
            "aws_internet_gateway.igw",
            "aws_nat_gateway.nat",
            "aws_route_table.private",
            "aws_subnet.bastion",
            "aws_subnet.redis_replica",
            "aws_vpc.redis_vpc"
          ]
        }
      ]
    },
    {
      "mode": "managed",
      "type": "aws_route_table_association",
      "name": "public_bastion",
      "provider": "provider[\"registry.terraform.io/hashicorp/aws\"]",
      "instances": [
        {
          "schema_version": 0,
          "attributes": {
            "gateway_id": "",
            "id": "rtbassoc-07fd9e36e0d315f33",
            "route_table_id": "rtb-008c093b1b859c74a",
            "subnet_id": "subnet-05d3980665b2ff5c3",
            "timeouts": null
          },
          "sensitive_attributes": [],
          "private": "eyJlMmJmYjczMC1lY2FhLTExZTYtOGY4OC0zNDM2M2JjN2M0YzAiOnsiY3JlYXRlIjozMDAwMDAwMDAwMDAsImRlbGV0ZSI6MzAwMDAwMDAwMDAwLCJ1cGRhdGUiOjEyMDAwMDAwMDAwMH19",
          "dependencies": [
            "aws_internet_gateway.igw",
            "aws_route_table.public",
            "aws_subnet.bastion",
            "aws_vpc.redis_vpc"
          ]
        }
      ]
    },
    {
      "mode": "managed",
      "type": "aws_s3_bucket",
      "name": "redis_bucket",
      "provider": "provider[\"registry.terraform.io/hashicorp/aws\"]",
      "instances": [
        {
          "schema_version": 0,
          "attributes": {
            "acceleration_status": "",
            "acl": null,
            "arn": "arn:aws:s3:::abhi-redis-ha-demo-bucket-change-me",
            "bucket": "abhi-redis-ha-demo-bucket-change-me",
            "bucket_domain_name": "abhi-redis-ha-demo-bucket-change-me.s3.amazonaws.com",
            "bucket_prefix": "",
            "bucket_regional_domain_name": "abhi-redis-ha-demo-bucket-change-me.s3.eu-west-2.amazonaws.com",
            "cors_rule": [],
            "force_destroy": true,
            "grant": [
              {
                "id": "5d7d5881167b36273ecf35d3032180060ec65ed3c25a675d923834d1404599f5",
                "permissions": [
                  "FULL_CONTROL"
                ],
                "type": "CanonicalUser",
                "uri": ""
              }
            ],
            "hosted_zone_id": "Z3GKZC51ZF0DB4",
            "id": "abhi-redis-ha-demo-bucket-change-me",
            "lifecycle_rule": [],
            "logging": [],
            "object_lock_configuration": [],
            "object_lock_enabled": false,
            "policy": "",
            "region": "eu-west-2",
            "replication_configuration": [],
            "request_payer": "BucketOwner",
            "server_side_encryption_configuration": [
              {
                "rule": [
                  {
                    "apply_server_side_encryption_by_default": [
                      {
                        "kms_master_key_id": "",
                        "sse_algorithm": "AES256"
                      }
                    ],
                    "bucket_key_enabled": false
                  }
                ]
              }
            ],
            "tags": {
              "Name": "redis-demo-bucket",
              "Owner": "abhinav",
              "Project": "redis-ha-demo"
            },
            "tags_all": {
              "Name": "redis-demo-bucket",
              "Owner": "abhinav",
              "Project": "redis-ha-demo"
            },
            "timeouts": null,
            "versioning": [
              {
                "enabled": false,
                "mfa_delete": false
              }
            ],
            "website": [],
            "website_domain": null,
            "website_endpoint": null
          },
          "sensitive_attributes": [],
          "private": "eyJlMmJmYjczMC1lY2FhLTExZTYtOGY4OC0zNDM2M2JjN2M0YzAiOnsiY3JlYXRlIjoxMjAwMDAwMDAwMDAwLCJkZWxldGUiOjM2MDAwMDAwMDAwMDAsInJlYWQiOjEyMDAwMDAwMDAwMDAsInVwZGF0ZSI6MTIwMDAwMDAwMDAwMH19"
        }
      ]
    },
    {
      "mode": "managed",
      "type": "aws_security_group",
      "name": "bastion_sg",
      "provider": "provider[\"registry.terraform.io/hashicorp/aws\"]",
      "instances": [
        {
          "schema_version": 1,
          "attributes": {
            "arn": "arn:aws:ec2:eu-west-2:462622527060:security-group/sg-01ca4bf164bbf8045",
            "description": "Allow SSH from anywhere",
            "egress": [
              {
                "cidr_blocks": [
                  "0.0.0.0/0"
                ],
                "description": "",
                "from_port": 0,
                "ipv6_cidr_blocks": [],
                "prefix_list_ids": [],
                "protocol": "-1",
                "security_groups": [],
                "self": false,
                "to_port": 0
              }
            ],
            "id": "sg-01ca4bf164bbf8045",
            "ingress": [
              {
                "cidr_blocks": [
                  "0.0.0.0/0"
                ],
                "description": "SSH from internet",
                "from_port": 22,
                "ipv6_cidr_blocks": [],
                "prefix_list_ids": [],
                "protocol": "tcp",
                "security_groups": [],
                "self": false,
                "to_port": 22
              }
            ],
            "name": "bastion-sg",
            "name_prefix": "",
            "owner_id": "462622527060",
            "revoke_rules_on_delete": false,
            "tags": {
              "Name": "bastion-sg",
              "Owner": "abhinav",
              "Project": "redis-ha-demo"
            },
            "tags_all": {
              "Name": "bastion-sg",
              "Owner": "abhinav",
              "Project": "redis-ha-demo"
            },
            "timeouts": null,
            "vpc_id": "vpc-069f9002b7d23b5d8"
          },
          "sensitive_attributes": [],
          "private": "eyJlMmJmYjczMC1lY2FhLTExZTYtOGY4OC0zNDM2M2JjN2M0YzAiOnsiY3JlYXRlIjo2MDAwMDAwMDAwMDAsImRlbGV0ZSI6OTAwMDAwMDAwMDAwfSwic2NoZW1hX3ZlcnNpb24iOiIxIn0=",
          "dependencies": [
            "aws_vpc.redis_vpc"
          ]
        }
      ]
    },
    {
      "mode": "managed",
      "type": "aws_security_group",
      "name": "redis_sg",
      "provider": "provider[\"registry.terraform.io/hashicorp/aws\"]",
      "instances": [
        {
          "schema_version": 1,
          "attributes": {
            "arn": "arn:aws:ec2:eu-west-2:462622527060:security-group/sg-098d5eb5a706fb5c0",
            "description": "Redis SG for master and replica",
            "egress": [
              {
                "cidr_blocks": [
                  "0.0.0.0/0"
                ],
                "description": "",
                "from_port": 0,
                "ipv6_cidr_blocks": [],
                "prefix_list_ids": [],
                "protocol": "-1",
                "security_groups": [],
                "self": false,
                "to_port": 0
              }
            ],
            "id": "sg-098d5eb5a706fb5c0",
            "ingress": [
              {
                "cidr_blocks": [],
                "description": "Redis traffic within SG",
                "from_port": 6379,
                "ipv6_cidr_blocks": [],
                "prefix_list_ids": [],
                "protocol": "tcp",
                "security_groups": [],
                "self": true,
                "to_port": 6379
              },
              {
                "cidr_blocks": [],
                "description": "SSH from bastion",
                "from_port": 22,
                "ipv6_cidr_blocks": [],
                "prefix_list_ids": [],
                "protocol": "tcp",
                "security_groups": [
                  "sg-01ca4bf164bbf8045"
                ],
                "self": false,
                "to_port": 22
              }
            ],
            "name": "db-sg",
            "name_prefix": "",
            "owner_id": "462622527060",
            "revoke_rules_on_delete": false,
            "tags": {
              "Name": "db-sg",
              "Owner": "abhinav",
              "Project": "redis-ha-demo"
            },
            "tags_all": {
              "Name": "db-sg",
              "Owner": "abhinav",
              "Project": "redis-ha-demo"
            },
            "timeouts": null,
            "vpc_id": "vpc-069f9002b7d23b5d8"
          },
          "sensitive_attributes": [],
          "private": "eyJlMmJmYjczMC1lY2FhLTExZTYtOGY4OC0zNDM2M2JjN2M0YzAiOnsiY3JlYXRlIjo2MDAwMDAwMDAwMDAsImRlbGV0ZSI6OTAwMDAwMDAwMDAwfSwic2NoZW1hX3ZlcnNpb24iOiIxIn0=",
          "dependencies": [
            "aws_security_group.bastion_sg",
            "aws_vpc.redis_vpc"
          ]
        }
      ]
    },
    {
      "mode": "managed",
      "type": "aws_subnet",
      "name": "bastion",
      "provider": "provider[\"registry.terraform.io/hashicorp/aws\"]",
      "instances": [
        {
          "schema_version": 1,
          "attributes": {
            "arn": "arn:aws:ec2:eu-west-2:462622527060:subnet/subnet-05d3980665b2ff5c3",
            "assign_ipv6_address_on_creation": false,
            "availability_zone": "eu-west-2a",
            "availability_zone_id": "euw2-az2",
            "cidr_block": "10.0.1.0/24",
            "customer_owned_ipv4_pool": "",
            "enable_dns64": false,
            "enable_lni_at_device_index": 0,
            "enable_resource_name_dns_a_record_on_launch": false,
            "enable_resource_name_dns_aaaa_record_on_launch": false,
            "id": "subnet-05d3980665b2ff5c3",
            "ipv6_cidr_block": "",
            "ipv6_cidr_block_association_id": "",
            "ipv6_native": false,
            "map_customer_owned_ip_on_launch": false,
            "map_public_ip_on_launch": true,
            "outpost_arn": "",
            "owner_id": "462622527060",
            "private_dns_hostname_type_on_launch": "ip-name",
            "tags": {
              "Name": "bastion-subnet",
              "Owner": "abhinav",
              "Project": "redis-ha-demo"
            },
            "tags_all": {
              "Name": "bastion-subnet",
              "Owner": "abhinav",
              "Project": "redis-ha-demo"
            },
            "timeouts": null,
            "vpc_id": "vpc-069f9002b7d23b5d8"
          },
          "sensitive_attributes": [],
          "private": "eyJlMmJmYjczMC1lY2FhLTExZTYtOGY4OC0zNDM2M2JjN2M0YzAiOnsiY3JlYXRlIjo2MDAwMDAwMDAwMDAsImRlbGV0ZSI6MTIwMDAwMDAwMDAwMH0sInNjaGVtYV92ZXJzaW9uIjoiMSJ9",
          "dependencies": [
            "aws_vpc.redis_vpc"
          ]
        }
      ]
    },
    {
      "mode": "managed",
      "type": "aws_subnet",
      "name": "redis_master",
      "provider": "provider[\"registry.terraform.io/hashicorp/aws\"]",
      "instances": [
        {
          "schema_version": 1,
          "attributes": {
            "arn": "arn:aws:ec2:eu-west-2:462622527060:subnet/subnet-09132311ac3961e12",
            "assign_ipv6_address_on_creation": false,
            "availability_zone": "eu-west-2a",
            "availability_zone_id": "euw2-az2",
            "cidr_block": "10.0.2.0/24",
            "customer_owned_ipv4_pool": "",
            "enable_dns64": false,
            "enable_lni_at_device_index": 0,
            "enable_resource_name_dns_a_record_on_launch": false,
            "enable_resource_name_dns_aaaa_record_on_launch": false,
            "id": "subnet-09132311ac3961e12",
            "ipv6_cidr_block": "",
            "ipv6_cidr_block_association_id": "",
            "ipv6_native": false,
            "map_customer_owned_ip_on_launch": false,
            "map_public_ip_on_launch": false,
            "outpost_arn": "",
            "owner_id": "462622527060",
            "private_dns_hostname_type_on_launch": "ip-name",
            "tags": {
              "Name": "private-db-subnet-1",
              "Owner": "abhinav",
              "Project": "redis-ha-demo"
            },
            "tags_all": {
              "Name": "private-db-subnet-1",
              "Owner": "abhinav",
              "Project": "redis-ha-demo"
            },
            "timeouts": null,
            "vpc_id": "vpc-069f9002b7d23b5d8"
          },
          "sensitive_attributes": [],
          "private": "eyJlMmJmYjczMC1lY2FhLTExZTYtOGY4OC0zNDM2M2JjN2M0YzAiOnsiY3JlYXRlIjo2MDAwMDAwMDAwMDAsImRlbGV0ZSI6MTIwMDAwMDAwMDAwMH0sInNjaGVtYV92ZXJzaW9uIjoiMSJ9",
          "dependencies": [
            "aws_vpc.redis_vpc"
          ]
        }
      ]
    },
    {
      "mode": "managed",
      "type": "aws_subnet",
      "name": "redis_replica",
      "provider": "provider[\"registry.terraform.io/hashicorp/aws\"]",
      "instances": [
        {
          "schema_version": 1,
          "attributes": {
            "arn": "arn:aws:ec2:eu-west-2:462622527060:subnet/subnet-099c3be40c17ec9ba",
            "assign_ipv6_address_on_creation": false,
            "availability_zone": "eu-west-2a",
            "availability_zone_id": "euw2-az2",
            "cidr_block": "10.0.3.0/24",
            "customer_owned_ipv4_pool": "",
            "enable_dns64": false,
            "enable_lni_at_device_index": 0,
            "enable_resource_name_dns_a_record_on_launch": false,
            "enable_resource_name_dns_aaaa_record_on_launch": false,
            "id": "subnet-099c3be40c17ec9ba",
            "ipv6_cidr_block": "",
            "ipv6_cidr_block_association_id": "",
            "ipv6_native": false,
            "map_customer_owned_ip_on_launch": false,
            "map_public_ip_on_launch": false,
            "outpost_arn": "",
            "owner_id": "462622527060",
            "private_dns_hostname_type_on_launch": "ip-name",
            "tags": {
              "Name": "private-db-subnet-2",
              "Owner": "abhinav",
              "Project": "redis-ha-demo"
            },
            "tags_all": {
              "Name": "private-db-subnet-2",
              "Owner": "abhinav",
              "Project": "redis-ha-demo"
            },
            "timeouts": null,
            "vpc_id": "vpc-069f9002b7d23b5d8"
          },
          "sensitive_attributes": [],
          "private": "eyJlMmJmYjczMC1lY2FhLTExZTYtOGY4OC0zNDM2M2JjN2M0YzAiOnsiY3JlYXRlIjo2MDAwMDAwMDAwMDAsImRlbGV0ZSI6MTIwMDAwMDAwMDAwMH0sInNjaGVtYV92ZXJzaW9uIjoiMSJ9",
          "dependencies": [
            "aws_vpc.redis_vpc"
          ]
        }
      ]
    },
    {
      "mode": "managed",
      "type": "aws_vpc",
      "name": "redis_vpc",
      "provider": "provider[\"registry.terraform.io/hashicorp/aws\"]",
      "instances": [
        {
          "schema_version": 1,
          "attributes": {
            "arn": "arn:aws:ec2:eu-west-2:462622527060:vpc/vpc-069f9002b7d23b5d8",
            "assign_generated_ipv6_cidr_block": false,
            "cidr_block": "10.0.0.0/16",
            "default_network_acl_id": "acl-01c85b46b09844e60",
            "default_route_table_id": "rtb-0e23b9e0b5e3ab227",
            "default_security_group_id": "sg-00a803edc17a5b8d3",
            "dhcp_options_id": "dopt-067c6573c5dd4ac8e",
            "enable_dns_hostnames": true,
            "enable_dns_support": true,
            "enable_network_address_usage_metrics": false,
            "id": "vpc-069f9002b7d23b5d8",
            "instance_tenancy": "default",
            "ipv4_ipam_pool_id": null,
            "ipv4_netmask_length": null,
            "ipv6_association_id": "",
            "ipv6_cidr_block": "",
            "ipv6_cidr_block_network_border_group": "",
            "ipv6_ipam_pool_id": "",
            "ipv6_netmask_length": 0,
            "main_route_table_id": "rtb-0e23b9e0b5e3ab227",
            "owner_id": "462622527060",
            "tags": {
              "Name": "redis-vpc",
              "Owner": "abhinav",
              "Project": "redis-ha-demo"
            },
            "tags_all": {
              "Name": "redis-vpc",
              "Owner": "abhinav",
              "Project": "redis-ha-demo"
            }
          },
          "sensitive_attributes": [],
          "private": "eyJzY2hlbWFfdmVyc2lvbiI6IjEifQ=="
        }
      ]
    },
    {
      "mode": "managed",
      "type": "local_file",
      "name": "redis_private_key",
      "provider": "provider[\"registry.terraform.io/hashicorp/local\"]",
      "instances": [
        {
          "schema_version": 0,
          "attributes": {
            "content": "-----BEGIN RSA PRIVATE KEY-----\nMIIJJwIBAAKCAgEA7Zf2wQMyEZ0Xd/v2FNynVhthhjbCbVTB929gJA3pLcyMKnTY\n6yESMumjxMP7X5mLaO4fx4g2vyYKmFJIntPyv4AvtVmK59iejj4BCrbwJNOaYX3M\ntfaGkpaXukGi5MgyzhKHgK1ZsCHKNcI3OxHH68pe6FYsnqkhO+gaksT93OYF+5/L\nIAG85D5ruFU8IiWDzC38701baI7IVXKkXTswJXcwOUB1RVZ500/yYi9GIxtM87Uq\niKF0f1c2sOHXQjTQngpohaQP0y473yG8boOzlbRYBT1U8dw7iIo68ME+mdCfrf+B\nghGLh2zjf5dMaf0jhMmRGAPMgraUxGQWULcCqXccXfjWGaOw6Vv62bo09mTwVq2b\nfAwtxDV35CdndSBY7jcTHB2nmbS0pPfARuZ2D/otieMXCKXenFDBhpcSImIRJygd\nxhcyqdTjnKe99oshHzRbg5yNn3J/zbtqiLw8rGRwlUj4aE8gNQupPd0VI7+7nLM7\nLnBheH1Hb76Db7MNDiDn51UB29oO6eT1eBy5rsDKhOcT2HBIRqSsddXme+1tOVUk\nVdgl3Czvn6rGNMTR6EFTU5UYDC+IHEU/LI9Qhn9/mLhWEN36HxzcxAq8uyJszE8x\n/64TAJ9PONOv3HMUomabcyMikiMuCAu3miFaspQfxT7qRotoxFRkioETfJkCAwEA\nAQKCAgABLfyYsbWz3Nw+1IW6Ji5U1yErDKpgeDoHZ9ZWdayk8AbkFqPSNNoscwsq\ndVvxEc/W36ESCCVtJoLDe06hS54xP+dYcm5HGSkyo0yIXZC+dhBpnnt/x83RAZs9\nAi0w72I/QNgqCNk6jkwFd725O46kD6F8OjnsFdMU5Yql16pIzIM4RwsHEfqk0O1u\nNKcpjrFkv/pM+14PAdgASJtKwBhnHbuj3YqqpgF/d9tWlrS5rFcK3bW1LqVvmM+k\nTnNoCybZaV3+N3Upyl1CGIguVqiYe4kTs/l5UYx80lVj5DeWBB1yeSucKAGeUKbo\nEy3ljJe7R6O0EHRaFGiYwLcPYWshT6ST5oF8zQAEpm+hczpExQmUO81Rvmg21zxi\nEXsrS4hzK3+ojblXbrgfncI7cRF0p1TdNMtkYZcF791bQGfXxKN3Wy5JJap0/1lk\nWn5LnKP6Tn0EdN2Iez4NPTOyONaHtrBMq2lmvqaGV8ufZrVGl9qBF7hlwSxlHPIr\nJP9XUvtPrEI9rF90UzBj0cWrX8JaXxtOrAym0qEU0RTJgKwW8ZLndG8GQZOOmqnT\nnXyPdOvP09ZTktU5RH3xL2rxKiJA220+fDqStEfKE3YxOAYuLzZp4fNS24GMrZ7x\nlrmXJhmlMoqYa+hDQEe82u3mEascXN8Iz+lymMpuqx5cZM5c4wKCAQEA+S+jq7Ox\n1ccu+qdwQARK79lXRESwYrSEsLteT+BfBtn3xVW5/JvqPzbmVGS4rw54gmWDcw2l\nrTEAqSaNwjuU2PGGyV8VO2lNjT6f84mjxg6SRa3YPl1M6E3nu946lfpFW91zo7Oj\n8xmbDMQIf1iLFG5W0FPUpuZlF48wRCMBTrXL6uosci3p4R4mff4Ib1bOG6hqmp3p\nHNCJXCfyWX9E23XMagkVDbsboT7Xc8JbmoI+c7gvyle9Ed1iVf19kJeiJ9hB14/e\n6l8ZJrTMr0accRjhFIedMSseHJ+kWMAhAuogtzYyKNA5ByKhL3tUjBPBKa0OBhur\nYjyvaL89wWOPZwKCAQEA9Bcsqf2rWGxWT8OJjce7saGFcbqLM3X0ayDsZ8/lPBMb\nSsCAWoNAKYNSEbU77im3tK8rA8B8Tb1B0UZ+rIR/BQYMgaTWxDH405dy4W5kPhCq\ncCMMiyCP1P3n7ozHXC9anjK8Sr98yOGC9MvDlwbSRK/ypFgUVZ/u8T6oziYvcuxV\nM0GzM1+/PlrRlyZjgqVL0U1k8T8UgBWK9QT8KdOdf+6cVzE55vsACvCknPXo5Qkh\nSgHhuJSBE1jbhcWJ0/grCHsN33mk/n7UR4x45Xl3wvDHDlsOpVGJzjUxKdpTUI7C\nHf8U6+Gco7ZI9kEO/iCIoQ76UR4puqBPekLAN8UT/wKCAQAzBppRUp6b1Am+sgK+\nWSKvMqY4CIjF7YkuV2/ck2liEcg21HMdUyAIiclohqd60U/EA92C9cxzRpGIEaj9\nmQ3Fzs929M14OPv0bFp8mDa9G8bAFfUt8BULjMhjJAKDK5iAUzyWzPZJlXi2iH3k\n9dClAmMsjb4B3zPcOyn7Cd/+qiNzmzg2uUgnHPFs41P+2Juj9jy+JI/TorA9+sAZ\nq4ICHoEZRXrWMPZbcm7T+XygiwMW1ySSHp1MxzSXvyyzKxm9Zv80kPVosMiJsIQp\ncCAg2KNefNandtjXq6kPs2gPHLpOSf7DdL/4whKXkn2hoXnwestgXNIfb6XLoT2Y\nGDcJAoIBAF09+Q7a2ziE8he4P3SMpvN9GyfNtd0rovnFculZLl1bgyJ0FNP+rWTu\nSEyBaepZv1ZjT9A4GIPt1xWlk0A9wPPfUqm3mV8LI91YTkc1T0+yOBlsGh+PicI4\nV//1gTaC1F/4S5tWOMnX85mluQqZTXt1pwAGsYXf+Xvojr1pMtj41Lcm0ti+K6Ub\nNlNCE+NVV3gV04igqykekZ11kQo9Tz4OnWRlZpQIsAR91rQq8BOGAFRwEZTcDc6h\nNAKO6k6xz2aG8065/kBFnLvUOl6Wnxw1tCSUviyC0FyYTzaIsyjjz917krdk0Nxt\nBsQjKCIFtYuo2BBisFgdYx72Hs1vGGsCggEAM+oFOGv1pvWMSlXtmjCNoNKUSmhH\ndomR79oJ7uwWGy210b/lc5ANnwKUzCkkfFqH9553tq516V9rCEW7o6AxC4pUcbAa\nUlCiZRJ3nLF8ZxW4HCXMnG1Ekn+sYGJ6kV4cJGrd9pN/jKVs5tCQ1ilX/N3c0OmS\n94SzCd2KGM1V5Z0+qOnmwCicgU1s9cI4LZOE+E+e85QDTZ6y2NJl3CX2QOFefhNa\nYfmT6OySg4RjnGRrMn0P/5mF7C0+TTt26KyCK+/TtsA+jT08/YJMauNJ5tUVEXQa\nS4wDYezZM/pz40/9evRl1NSj953B/dMVeS6pYh+qeqeuujFVbgBp70WmVA==\n-----END RSA PRIVATE KEY-----\n",
            "content_base64": null,
            "content_base64sha256": "fS641I4YfkGRfVg4JrbNswP9zXI2N3gNsDpYf/bJ4+c=",
            "content_base64sha512": "zZMTeTLT/j1WN1DvxaBBWyGTOLYU4EXePV6D2EMfrLxcPgyuofqanj4NIbwNTnYlZi1QFoGptVGPxBKvToGH7Q==",
            "content_md5": "372934c892d6724c4ad81ba67b99ffa4",
            "content_sha1": "e77ab0eb6da6f84c37aa599009eda942d0a38046",
            "content_sha256": "7d2eb8d48e187e41917d583826b6cdb303fdcd723637780db03a587ff6c9e3e7",
            "content_sha512": "cd93137932d3fe3d563750efc5a0415b219338b614e045de3d5e83d8431facbc5c3e0caea1fa9a9e3e0d21bc0d4e7625662d501681a9b5518fc412af4e8187ed",
            "directory_permission": "0777",
            "file_permission": "0600",
            "filename": "./redis-demo-key.pem",
            "id": "e77ab0eb6da6f84c37aa599009eda942d0a38046",
            "sensitive_content": null,
            "source": null
          },
          "sensitive_attributes": [
            [
              {
                "type": "get_attr",
                "value": "content"
              }
            ],
            [
              {
                "type": "get_attr",
                "value": "sensitive_content"
              }
            ]
          ],
          "dependencies": [
            "tls_private_key.redis_key"
          ]
        }
      ]
    },
    {
      "mode": "managed",
      "type": "tls_private_key",
      "name": "redis_key",
      "provider": "provider[\"registry.terraform.io/hashicorp/tls\"]",
      "instances": [
        {
          "schema_version": 1,
          "attributes": {
            "algorithm": "RSA",
            "ecdsa_curve": "P224",
            "id": "85ee9a3b3b77d1332c8a059431776bec341aaa34",
            "private_key_openssh": "-----BEGIN OPENSSH PRIVATE KEY-----\nb3BlbnNzaC1rZXktdjEAAAAABG5vbmUAAAAEbm9uZQAAAAAAAAABAAACFwAAAAdz\nc2gtcnNhAAAAAwEAAQAAAgEA7Zf2wQMyEZ0Xd/v2FNynVhthhjbCbVTB929gJA3p\nLcyMKnTY6yESMumjxMP7X5mLaO4fx4g2vyYKmFJIntPyv4AvtVmK59iejj4BCrbw\nJNOaYX3MtfaGkpaXukGi5MgyzhKHgK1ZsCHKNcI3OxHH68pe6FYsnqkhO+gaksT9\n3OYF+5/LIAG85D5ruFU8IiWDzC38701baI7IVXKkXTswJXcwOUB1RVZ500/yYi9G\nIxtM87UqiKF0f1c2sOHXQjTQngpohaQP0y473yG8boOzlbRYBT1U8dw7iIo68ME+\nmdCfrf+BghGLh2zjf5dMaf0jhMmRGAPMgraUxGQWULcCqXccXfjWGaOw6Vv62bo0\n9mTwVq2bfAwtxDV35CdndSBY7jcTHB2nmbS0pPfARuZ2D/otieMXCKXenFDBhpcS\nImIRJygdxhcyqdTjnKe99oshHzRbg5yNn3J/zbtqiLw8rGRwlUj4aE8gNQupPd0V\nI7+7nLM7LnBheH1Hb76Db7MNDiDn51UB29oO6eT1eBy5rsDKhOcT2HBIRqSsddXm\ne+1tOVUkVdgl3Czvn6rGNMTR6EFTU5UYDC+IHEU/LI9Qhn9/mLhWEN36HxzcxAq8\nuyJszE8x/64TAJ9PONOv3HMUomabcyMikiMuCAu3miFaspQfxT7qRotoxFRkioET\nfJkAAAc4RgdyN0YHcjcAAAAHc3NoLXJzYQAAAgEA7Zf2wQMyEZ0Xd/v2FNynVhth\nhjbCbVTB929gJA3pLcyMKnTY6yESMumjxMP7X5mLaO4fx4g2vyYKmFJIntPyv4Av\ntVmK59iejj4BCrbwJNOaYX3MtfaGkpaXukGi5MgyzhKHgK1ZsCHKNcI3OxHH68pe\n6FYsnqkhO+gaksT93OYF+5/LIAG85D5ruFU8IiWDzC38701baI7IVXKkXTswJXcw\nOUB1RVZ500/yYi9GIxtM87UqiKF0f1c2sOHXQjTQngpohaQP0y473yG8boOzlbRY\nBT1U8dw7iIo68ME+mdCfrf+BghGLh2zjf5dMaf0jhMmRGAPMgraUxGQWULcCqXcc\nXfjWGaOw6Vv62bo09mTwVq2bfAwtxDV35CdndSBY7jcTHB2nmbS0pPfARuZ2D/ot\nieMXCKXenFDBhpcSImIRJygdxhcyqdTjnKe99oshHzRbg5yNn3J/zbtqiLw8rGRw\nlUj4aE8gNQupPd0VI7+7nLM7LnBheH1Hb76Db7MNDiDn51UB29oO6eT1eBy5rsDK\nhOcT2HBIRqSsddXme+1tOVUkVdgl3Czvn6rGNMTR6EFTU5UYDC+IHEU/LI9Qhn9/\nmLhWEN36HxzcxAq8uyJszE8x/64TAJ9PONOv3HMUomabcyMikiMuCAu3miFaspQf\nxT7qRotoxFRkioETfJkAAAADAQABAAACAAEt/JixtbPc3D7UhbomLlTXISsMqmB4\nOgdn1lZ1rKTwBuQWo9I02ixzCyp1W/ERz9bfoRIIJW0mgsN7TqFLnjE/51hybkcZ\nKTKjTIhdkL52EGmee3/HzdEBmz0CLTDvYj9A2CoI2TqOTAV3vbk7jqQPoXw6OewV\n0xTliqXXqkjMgzhHCwcR+qTQ7W40pymOsWS/+kz7Xg8B2ABIm0rAGGcdu6Pdiqqm\nAX9321aWtLmsVwrdtbUupW+Yz6ROc2gLJtlpXf43dSnKXUIYiC5WqJh7iROz+XlR\njHzSVWPkN5YEHXJ5K5woAZ5QpugTLeWMl7tHo7QQdFoUaJjAtw9hayFPpJPmgXzN\nAASmb6FzOkTFCZQ7zVG+aDbXPGIReytLiHMrf6iNuVduuB+dwjtxEXSnVN00y2Rh\nlwXv3VtAZ9fEo3dbLkklqnT/WWRafkuco/pOfQR03Yh7Pg09M7I41oe2sEyraWa+\npoZXy59mtUaX2oEXuGXBLGUc8isk/1dS+0+sQj2sX3RTMGPRxatfwlpfG06sDKbS\noRTRFMmArBbxkud0bwZBk46aqdOdfI9068/T1lOS1TlEffEvavEqIkDbbT58OpK0\nR8oTdjE4Bi4vNmnh81LbgYytnvGWuZcmGaUyiphr6ENAR7za7eYRqxxc3wjP6XKY\nym6rHlxkzlzjAAABADPqBThr9ab1jEpV7ZowjaDSlEpoR3aJke/aCe7sFhsttdG/\n5XOQDZ8ClMwpJHxah/eed7audelfawhFu6OgMQuKVHGwGlJQomUSd5yxfGcVuBwl\nzJxtRJJ/rGBiepFeHCRq3faTf4ylbObQkNYpV/zd3NDpkveEswndihjNVeWdPqjp\n5sAonIFNbPXCOC2ThPhPnvOUA02estjSZdwl9kDhXn4TWmH5k+jskoOEY5xkazJ9\nD/+ZhewtPk07duisgivv07bAPo09PP2CTGrjSebVFRF0GkuMA2Hs2TP6c+NP/Xr0\nZdTUo/edwf3TFXkuqWIfqnqnrroxVW4Aae9FplQAAAEBAPkvo6uzsdXHLvqncEAE\nSu/ZV0REsGK0hLC7Xk/gXwbZ98VVufyb6j825lRkuK8OeIJlg3MNpa0xAKkmjcI7\nlNjxhslfFTtpTY0+n/OJo8YOkkWt2D5dTOhN57veOpX6RVvdc6Ozo/MZmwzECH9Y\nixRuVtBT1KbmZRePMEQjAU61y+rqLHIt6eEeJn3+CG9Wzhuoapqd6RzQiVwn8ll/\nRNt1zGoJFQ27G6E+13PCW5qCPnO4L8pXvRHdYlX9fZCXoifYQdeP3upfGSa0zK9G\nnHEY4RSHnTErHhyfpFjAIQLqILc2MijQOQcioS97VIwTwSmtDgYbq2I8r2i/PcFj\nj2cAAAEBAPQXLKn9q1hsVk/DiY3Hu7GhhXG6izN19Gsg7GfP5TwTG0rAgFqDQCmD\nUhG1O+4pt7SvKwPAfE29QdFGfqyEfwUGDIGk1sQx+NOXcuFuZD4QqnAjDIsgj9T9\n5+6Mx1wvWp4yvEq/fMjhgvTLw5cG0kSv8qRYFFWf7vE+qM4mL3LsVTNBszNfvz5a\n0ZcmY4KlS9FNZPE/FIAVivUE/CnTnX/unFcxOeb7AArwpJz16OUJIUoB4biUgRNY\n24XFidP4Kwh7Dd95pP5+1EeMeOV5d8Lwxw5bDqVRic41MSnaU1COwh3/FOvhnKO2\nSPZBDv4giKEO+lEeKbqgT3pCwDfFE/8AAAAAAQID\n-----END OPENSSH PRIVATE KEY-----\n",
            "private_key_pem": "-----BEGIN RSA PRIVATE KEY-----\nMIIJJwIBAAKCAgEA7Zf2wQMyEZ0Xd/v2FNynVhthhjbCbVTB929gJA3pLcyMKnTY\n6yESMumjxMP7X5mLaO4fx4g2vyYKmFJIntPyv4AvtVmK59iejj4BCrbwJNOaYX3M\ntfaGkpaXukGi5MgyzhKHgK1ZsCHKNcI3OxHH68pe6FYsnqkhO+gaksT93OYF+5/L\nIAG85D5ruFU8IiWDzC38701baI7IVXKkXTswJXcwOUB1RVZ500/yYi9GIxtM87Uq\niKF0f1c2sOHXQjTQngpohaQP0y473yG8boOzlbRYBT1U8dw7iIo68ME+mdCfrf+B\nghGLh2zjf5dMaf0jhMmRGAPMgraUxGQWULcCqXccXfjWGaOw6Vv62bo09mTwVq2b\nfAwtxDV35CdndSBY7jcTHB2nmbS0pPfARuZ2D/otieMXCKXenFDBhpcSImIRJygd\nxhcyqdTjnKe99oshHzRbg5yNn3J/zbtqiLw8rGRwlUj4aE8gNQupPd0VI7+7nLM7\nLnBheH1Hb76Db7MNDiDn51UB29oO6eT1eBy5rsDKhOcT2HBIRqSsddXme+1tOVUk\nVdgl3Czvn6rGNMTR6EFTU5UYDC+IHEU/LI9Qhn9/mLhWEN36HxzcxAq8uyJszE8x\n/64TAJ9PONOv3HMUomabcyMikiMuCAu3miFaspQfxT7qRotoxFRkioETfJkCAwEA\nAQKCAgABLfyYsbWz3Nw+1IW6Ji5U1yErDKpgeDoHZ9ZWdayk8AbkFqPSNNoscwsq\ndVvxEc/W36ESCCVtJoLDe06hS54xP+dYcm5HGSkyo0yIXZC+dhBpnnt/x83RAZs9\nAi0w72I/QNgqCNk6jkwFd725O46kD6F8OjnsFdMU5Yql16pIzIM4RwsHEfqk0O1u\nNKcpjrFkv/pM+14PAdgASJtKwBhnHbuj3YqqpgF/d9tWlrS5rFcK3bW1LqVvmM+k\nTnNoCybZaV3+N3Upyl1CGIguVqiYe4kTs/l5UYx80lVj5DeWBB1yeSucKAGeUKbo\nEy3ljJe7R6O0EHRaFGiYwLcPYWshT6ST5oF8zQAEpm+hczpExQmUO81Rvmg21zxi\nEXsrS4hzK3+ojblXbrgfncI7cRF0p1TdNMtkYZcF791bQGfXxKN3Wy5JJap0/1lk\nWn5LnKP6Tn0EdN2Iez4NPTOyONaHtrBMq2lmvqaGV8ufZrVGl9qBF7hlwSxlHPIr\nJP9XUvtPrEI9rF90UzBj0cWrX8JaXxtOrAym0qEU0RTJgKwW8ZLndG8GQZOOmqnT\nnXyPdOvP09ZTktU5RH3xL2rxKiJA220+fDqStEfKE3YxOAYuLzZp4fNS24GMrZ7x\nlrmXJhmlMoqYa+hDQEe82u3mEascXN8Iz+lymMpuqx5cZM5c4wKCAQEA+S+jq7Ox\n1ccu+qdwQARK79lXRESwYrSEsLteT+BfBtn3xVW5/JvqPzbmVGS4rw54gmWDcw2l\nrTEAqSaNwjuU2PGGyV8VO2lNjT6f84mjxg6SRa3YPl1M6E3nu946lfpFW91zo7Oj\n8xmbDMQIf1iLFG5W0FPUpuZlF48wRCMBTrXL6uosci3p4R4mff4Ib1bOG6hqmp3p\nHNCJXCfyWX9E23XMagkVDbsboT7Xc8JbmoI+c7gvyle9Ed1iVf19kJeiJ9hB14/e\n6l8ZJrTMr0accRjhFIedMSseHJ+kWMAhAuogtzYyKNA5ByKhL3tUjBPBKa0OBhur\nYjyvaL89wWOPZwKCAQEA9Bcsqf2rWGxWT8OJjce7saGFcbqLM3X0ayDsZ8/lPBMb\nSsCAWoNAKYNSEbU77im3tK8rA8B8Tb1B0UZ+rIR/BQYMgaTWxDH405dy4W5kPhCq\ncCMMiyCP1P3n7ozHXC9anjK8Sr98yOGC9MvDlwbSRK/ypFgUVZ/u8T6oziYvcuxV\nM0GzM1+/PlrRlyZjgqVL0U1k8T8UgBWK9QT8KdOdf+6cVzE55vsACvCknPXo5Qkh\nSgHhuJSBE1jbhcWJ0/grCHsN33mk/n7UR4x45Xl3wvDHDlsOpVGJzjUxKdpTUI7C\nHf8U6+Gco7ZI9kEO/iCIoQ76UR4puqBPekLAN8UT/wKCAQAzBppRUp6b1Am+sgK+\nWSKvMqY4CIjF7YkuV2/ck2liEcg21HMdUyAIiclohqd60U/EA92C9cxzRpGIEaj9\nmQ3Fzs929M14OPv0bFp8mDa9G8bAFfUt8BULjMhjJAKDK5iAUzyWzPZJlXi2iH3k\n9dClAmMsjb4B3zPcOyn7Cd/+qiNzmzg2uUgnHPFs41P+2Juj9jy+JI/TorA9+sAZ\nq4ICHoEZRXrWMPZbcm7T+XygiwMW1ySSHp1MxzSXvyyzKxm9Zv80kPVosMiJsIQp\ncCAg2KNefNandtjXq6kPs2gPHLpOSf7DdL/4whKXkn2hoXnwestgXNIfb6XLoT2Y\nGDcJAoIBAF09+Q7a2ziE8he4P3SMpvN9GyfNtd0rovnFculZLl1bgyJ0FNP+rWTu\nSEyBaepZv1ZjT9A4GIPt1xWlk0A9wPPfUqm3mV8LI91YTkc1T0+yOBlsGh+PicI4\nV//1gTaC1F/4S5tWOMnX85mluQqZTXt1pwAGsYXf+Xvojr1pMtj41Lcm0ti+K6Ub\nNlNCE+NVV3gV04igqykekZ11kQo9Tz4OnWRlZpQIsAR91rQq8BOGAFRwEZTcDc6h\nNAKO6k6xz2aG8065/kBFnLvUOl6Wnxw1tCSUviyC0FyYTzaIsyjjz917krdk0Nxt\nBsQjKCIFtYuo2BBisFgdYx72Hs1vGGsCggEAM+oFOGv1pvWMSlXtmjCNoNKUSmhH\ndomR79oJ7uwWGy210b/lc5ANnwKUzCkkfFqH9553tq516V9rCEW7o6AxC4pUcbAa\nUlCiZRJ3nLF8ZxW4HCXMnG1Ekn+sYGJ6kV4cJGrd9pN/jKVs5tCQ1ilX/N3c0OmS\n94SzCd2KGM1V5Z0+qOnmwCicgU1s9cI4LZOE+E+e85QDTZ6y2NJl3CX2QOFefhNa\nYfmT6OySg4RjnGRrMn0P/5mF7C0+TTt26KyCK+/TtsA+jT08/YJMauNJ5tUVEXQa\nS4wDYezZM/pz40/9evRl1NSj953B/dMVeS6pYh+qeqeuujFVbgBp70WmVA==\n-----END RSA PRIVATE KEY-----\n",
            "private_key_pem_pkcs8": "-----BEGIN PRIVATE KEY-----\nMIIJQQIBADANBgkqhkiG9w0BAQEFAASCCSswggknAgEAAoICAQDtl/bBAzIRnRd3\n+/YU3KdWG2GGNsJtVMH3b2AkDektzIwqdNjrIRIy6aPEw/tfmYto7h/HiDa/JgqY\nUkie0/K/gC+1WYrn2J6OPgEKtvAk05phfcy19oaSlpe6QaLkyDLOEoeArVmwIco1\nwjc7Ecfryl7oViyeqSE76BqSxP3c5gX7n8sgAbzkPmu4VTwiJYPMLfzvTVtojshV\ncqRdOzAldzA5QHVFVnnTT/JiL0YjG0zztSqIoXR/Vzaw4ddCNNCeCmiFpA/TLjvf\nIbxug7OVtFgFPVTx3DuIijrwwT6Z0J+t/4GCEYuHbON/l0xp/SOEyZEYA8yCtpTE\nZBZQtwKpdxxd+NYZo7DpW/rZujT2ZPBWrZt8DC3ENXfkJ2d1IFjuNxMcHaeZtLSk\n98BG5nYP+i2J4xcIpd6cUMGGlxIiYhEnKB3GFzKp1OOcp732iyEfNFuDnI2fcn/N\nu2qIvDysZHCVSPhoTyA1C6k93RUjv7ucszsucGF4fUdvvoNvsw0OIOfnVQHb2g7p\n5PV4HLmuwMqE5xPYcEhGpKx11eZ77W05VSRV2CXcLO+fqsY0xNHoQVNTlRgML4gc\nRT8sj1CGf3+YuFYQ3fofHNzECry7ImzMTzH/rhMAn08406/ccxSiZptzIyKSIy4I\nC7eaIVqylB/FPupGi2jEVGSKgRN8mQIDAQABAoICAAEt/JixtbPc3D7UhbomLlTX\nISsMqmB4Ogdn1lZ1rKTwBuQWo9I02ixzCyp1W/ERz9bfoRIIJW0mgsN7TqFLnjE/\n51hybkcZKTKjTIhdkL52EGmee3/HzdEBmz0CLTDvYj9A2CoI2TqOTAV3vbk7jqQP\noXw6OewV0xTliqXXqkjMgzhHCwcR+qTQ7W40pymOsWS/+kz7Xg8B2ABIm0rAGGcd\nu6PdiqqmAX9321aWtLmsVwrdtbUupW+Yz6ROc2gLJtlpXf43dSnKXUIYiC5WqJh7\niROz+XlRjHzSVWPkN5YEHXJ5K5woAZ5QpugTLeWMl7tHo7QQdFoUaJjAtw9hayFP\npJPmgXzNAASmb6FzOkTFCZQ7zVG+aDbXPGIReytLiHMrf6iNuVduuB+dwjtxEXSn\nVN00y2RhlwXv3VtAZ9fEo3dbLkklqnT/WWRafkuco/pOfQR03Yh7Pg09M7I41oe2\nsEyraWa+poZXy59mtUaX2oEXuGXBLGUc8isk/1dS+0+sQj2sX3RTMGPRxatfwlpf\nG06sDKbSoRTRFMmArBbxkud0bwZBk46aqdOdfI9068/T1lOS1TlEffEvavEqIkDb\nbT58OpK0R8oTdjE4Bi4vNmnh81LbgYytnvGWuZcmGaUyiphr6ENAR7za7eYRqxxc\n3wjP6XKYym6rHlxkzlzjAoIBAQD5L6Ors7HVxy76p3BABErv2VdERLBitISwu15P\n4F8G2ffFVbn8m+o/NuZUZLivDniCZYNzDaWtMQCpJo3CO5TY8YbJXxU7aU2NPp/z\niaPGDpJFrdg+XUzoTee73jqV+kVb3XOjs6PzGZsMxAh/WIsUblbQU9Sm5mUXjzBE\nIwFOtcvq6ixyLenhHiZ9/ghvVs4bqGqanekc0IlcJ/JZf0TbdcxqCRUNuxuhPtdz\nwluagj5zuC/KV70R3WJV/X2Ql6In2EHXj97qXxkmtMyvRpxxGOEUh50xKx4cn6RY\nwCEC6iC3NjIo0DkHIqEve1SME8EprQ4GG6tiPK9ovz3BY49nAoIBAQD0Fyyp/atY\nbFZPw4mNx7uxoYVxuoszdfRrIOxnz+U8ExtKwIBag0Apg1IRtTvuKbe0rysDwHxN\nvUHRRn6shH8FBgyBpNbEMfjTl3LhbmQ+EKpwIwyLII/U/efujMdcL1qeMrxKv3zI\n4YL0y8OXBtJEr/KkWBRVn+7xPqjOJi9y7FUzQbMzX78+WtGXJmOCpUvRTWTxPxSA\nFYr1BPwp051/7pxXMTnm+wAK8KSc9ejlCSFKAeG4lIETWNuFxYnT+CsIew3feaT+\nftRHjHjleXfC8McOWw6lUYnONTEp2lNQjsId/xTr4Zyjtkj2QQ7+IIihDvpRHim6\noE96QsA3xRP/AoIBADMGmlFSnpvUCb6yAr5ZIq8ypjgIiMXtiS5Xb9yTaWIRyDbU\ncx1TIAiJyWiGp3rRT8QD3YL1zHNGkYgRqP2ZDcXOz3b0zXg4+/RsWnyYNr0bxsAV\n9S3wFQuMyGMkAoMrmIBTPJbM9kmVeLaIfeT10KUCYyyNvgHfM9w7KfsJ3/6qI3Ob\nODa5SCcc8WzjU/7Ym6P2PL4kj9OisD36wBmrggIegRlFetYw9ltybtP5fKCLAxbX\nJJIenUzHNJe/LLMrGb1m/zSQ9WiwyImwhClwICDYo1581qd22NerqQ+zaA8cuk5J\n/sN0v/jCEpeSfaGhefB6y2Bc0h9vpcuhPZgYNwkCggEAXT35DtrbOITyF7g/dIym\n830bJ8213Sui+cVy6VkuXVuDInQU0/6tZO5ITIFp6lm/VmNP0DgYg+3XFaWTQD3A\n899SqbeZXwsj3VhORzVPT7I4GWwaH4+JwjhX//WBNoLUX/hLm1Y4ydfzmaW5CplN\ne3WnAAaxhd/5e+iOvWky2PjUtybS2L4rpRs2U0IT41VXeBXTiKCrKR6RnXWRCj1P\nPg6dZGVmlAiwBH3WtCrwE4YAVHARlNwNzqE0Ao7qTrHPZobzTrn+QEWcu9Q6Xpaf\nHDW0JJS+LILQXJhPNoizKOPP3XuSt2TQ3G0GxCMoIgW1i6jYEGKwWB1jHvYezW8Y\nawKCAQAz6gU4a/Wm9YxKVe2aMI2g0pRKaEd2iZHv2gnu7BYbLbXRv+VzkA2fApTM\nKSR8Wof3nne2rnXpX2sIRbujoDELilRxsBpSUKJlEnecsXxnFbgcJcycbUSSf6xg\nYnqRXhwkat32k3+MpWzm0JDWKVf83dzQ6ZL3hLMJ3YoYzVXlnT6o6ebAKJyBTWz1\nwjgtk4T4T57zlANNnrLY0mXcJfZA4V5+E1ph+ZPo7JKDhGOcZGsyfQ//mYXsLT5N\nO3borIIr79O2wD6NPTz9gkxq40nm1RURdBpLjANh7Nkz+nPjT/169GXU1KP3ncH9\n0xV5LqliH6p6p666MVVuAGnvRaZU\n-----END PRIVATE KEY-----\n",
            "public_key_fingerprint_md5": "3a:f7:c0:cc:86:92:62:18:46:a9:14:7f:81:7a:7d:6c",
            "public_key_fingerprint_sha256": "SHA256:tar0avG3PkQuLcI8I9tsoxwHB0BwCLntpscySuVPSXM",
            "public_key_openssh": "ssh-rsa AAAAB3NzaC1yc2EAAAADAQABAAACAQDtl/bBAzIRnRd3+/YU3KdWG2GGNsJtVMH3b2AkDektzIwqdNjrIRIy6aPEw/tfmYto7h/HiDa/JgqYUkie0/K/gC+1WYrn2J6OPgEKtvAk05phfcy19oaSlpe6QaLkyDLOEoeArVmwIco1wjc7Ecfryl7oViyeqSE76BqSxP3c5gX7n8sgAbzkPmu4VTwiJYPMLfzvTVtojshVcqRdOzAldzA5QHVFVnnTT/JiL0YjG0zztSqIoXR/Vzaw4ddCNNCeCmiFpA/TLjvfIbxug7OVtFgFPVTx3DuIijrwwT6Z0J+t/4GCEYuHbON/l0xp/SOEyZEYA8yCtpTEZBZQtwKpdxxd+NYZo7DpW/rZujT2ZPBWrZt8DC3ENXfkJ2d1IFjuNxMcHaeZtLSk98BG5nYP+i2J4xcIpd6cUMGGlxIiYhEnKB3GFzKp1OOcp732iyEfNFuDnI2fcn/Nu2qIvDysZHCVSPhoTyA1C6k93RUjv7ucszsucGF4fUdvvoNvsw0OIOfnVQHb2g7p5PV4HLmuwMqE5xPYcEhGpKx11eZ77W05VSRV2CXcLO+fqsY0xNHoQVNTlRgML4gcRT8sj1CGf3+YuFYQ3fofHNzECry7ImzMTzH/rhMAn08406/ccxSiZptzIyKSIy4IC7eaIVqylB/FPupGi2jEVGSKgRN8mQ==\n",
            "public_key_pem": "-----BEGIN PUBLIC KEY-----\nMIICIjANBgkqhkiG9w0BAQEFAAOCAg8AMIICCgKCAgEA7Zf2wQMyEZ0Xd/v2FNyn\nVhthhjbCbVTB929gJA3pLcyMKnTY6yESMumjxMP7X5mLaO4fx4g2vyYKmFJIntPy\nv4AvtVmK59iejj4BCrbwJNOaYX3MtfaGkpaXukGi5MgyzhKHgK1ZsCHKNcI3OxHH\n68pe6FYsnqkhO+gaksT93OYF+5/LIAG85D5ruFU8IiWDzC38701baI7IVXKkXTsw\nJXcwOUB1RVZ500/yYi9GIxtM87UqiKF0f1c2sOHXQjTQngpohaQP0y473yG8boOz\nlbRYBT1U8dw7iIo68ME+mdCfrf+BghGLh2zjf5dMaf0jhMmRGAPMgraUxGQWULcC\nqXccXfjWGaOw6Vv62bo09mTwVq2bfAwtxDV35CdndSBY7jcTHB2nmbS0pPfARuZ2\nD/otieMXCKXenFDBhpcSImIRJygdxhcyqdTjnKe99oshHzRbg5yNn3J/zbtqiLw8\nrGRwlUj4aE8gNQupPd0VI7+7nLM7LnBheH1Hb76Db7MNDiDn51UB29oO6eT1eBy5\nrsDKhOcT2HBIRqSsddXme+1tOVUkVdgl3Czvn6rGNMTR6EFTU5UYDC+IHEU/LI9Q\nhn9/mLhWEN36HxzcxAq8uyJszE8x/64TAJ9PONOv3HMUomabcyMikiMuCAu3miFa\nspQfxT7qRotoxFRkioETfJkCAwEAAQ==\n-----END PUBLIC KEY-----\n",
            "rsa_bits": 4096
          },
          "sensitive_attributes": [
            [
              {
                "type": "get_attr",
                "value": "private_key_pem"
              }
            ],
            [
              {
                "type": "get_attr",
                "value": "private_key_openssh"
              }
            ],
            [
              {
                "type": "get_attr",
                "value": "private_key_pem_pkcs8"
              }
            ]
          ]
        }
      ]
    }
  ],
  "check_results": null
}
